{
  "name": "backend",
  "version": "0.0.1",
  "lockfileVersion": 3,
  "requires": true,
  "packages": {
    "": {
      "name": "backend",
      "version": "0.0.1",
      "dependencies": {
        "@nestjs/common": "^11.1.18",
        "@nestjs/core": "^11.1.18",
        "@nestjs/platform-express": "^11.1.18",
        "reflect-metadata": "^0.2.2",
        "rxjs": "^7.8.1"
      },
      "devDependencies": {
        "@nestjs/cli": "^11.0.19",
        "@nestjs/schematics": "^11.0.10",
        "@nestjs/testing": "^11.1.18",
        "@swc/core": "^1.15.24",
        "@types/express": "^5.0.6",
        "@types/node": "^25.9.2",
        "typescript": "^6.0.2",
        "unplugin-swc": "^1.5.9",
        "vitest": "^4.1.4"
      }
    },
    "../../node_modules/.pnpm/@nestjs+cli@11.0.19_@swc+core@1.15.24_@types+node@25.5.2/node_modules/@nestjs/cli": {
      "version": "11.0.19",
      "dev": true,
      "license": "MIT",
      "dependencies": {
        "@angular-devkit/core": "19.2.24",
        "@angular-devkit/schematics": "19.2.24",
        "@angular-devkit/schematics-cli": "19.2.24",
        "@inquirer/prompts": "7.10.1",
        "@nestjs/schematics": "^11.0.1",
        "ansis": "4.2.0",
        "chokidar": "4.0.3",
        "cli-table3": "0.6.5",
        "commander": "4.1.1",
        "fork-ts-checker-webpack-plugin": "9.1.0",
        "glob": "13.0.6",
        "node-emoji": "1.11.0",
        "ora": "5.4.1",
        "tsconfig-paths": "4.2.0",
        "tsconfig-paths-webpack-plugin": "4.2.0",
        "typescript": "5.9.3",
        "webpack": "5.106.0",
        "webpack-node-externals": "3.0.0"
      },
      "bin": {
        "nest": "bin/nest.js"
      },
      "devDependencies": {
        "@commitlint/cli": "20.5.0",
        "@commitlint/config-angular": "20.5.0",
        "@swc/cli": "0.7.10",
        "@swc/core": "1.15.11",
        "@types/inquirer": "9.0.9",
        "@types/jest": "29.5.14",
        "@types/node": "24.12.2",
        "@types/node-emoji": "1.8.2",
        "@types/webpack-node-externals": "3.0.4",
        "@typescript-eslint/eslint-plugin": "8.58.1",
        "@typescript-eslint/parser": "8.58.1",
        "delete-empty": "3.0.0",
        "eslint": "10.2.0",
        "eslint-config-prettier": "10.1.8",
        "gulp": "5.0.1",
        "gulp-clean": "0.4.0",
        "husky": "9.1.7",
        "jest": "29.7.0",
        "lint-staged": "16.4.0",
        "prettier": "3.8.1",
        "release-it": "19.2.4",
        "ts-jest": "29.4.9",
        "ts-loader": "9.5.7",
        "ts-node": "10.9.2"
      },
      "engines": {
        "node": ">= 20.11"
      },
      "peerDependencies": {
        "@swc/cli": "^0.1.62 || ^0.3.0 || ^0.4.0 || ^0.5.0 || ^0.6.0 || ^0.7.0 || ^0.8.0",
        "@swc/core": "^1.3.62"
      },
      "peerDependenciesMeta": {
        "@swc/cli": {
          "optional": true
        },
        "@swc/core": {
          "optional": true
        }
      }
    },
    "../../node_modules/.pnpm/@nestjs+common@11.1.18_reflect-metadata@0.2.2_rxjs@7.8.2/node_modules/@nestjs/common": {
      "version": "11.1.18",
      "license": "MIT",
      "dependencies": {
        "file-type": "21.3.4",
        "iterare": "1.2.1",
        "load-esm": "1.0.3",
        "tslib": "2.8.1",
        "uid": "2.0.2"
      },
      "funding": {
        "type": "opencollective",
        "url": "https://opencollective.com/nest"
      },
      "peerDependencies": {
        "class-transformer": ">=0.4.1",
        "class-validator": ">=0.13.2",
        "reflect-metadata": "^0.1.12 || ^0.2.0",
        "rxjs": "^7.1.0"
      },
      "peerDependenciesMeta": {
        "class-transformer": {
          "optional": true
        },
        "class-validator": {
          "optional": true
        }
      }
    },
    "../../node_modules/.pnpm/@nestjs+core@11.1.18_@nestjs+common@11.1.18_reflect-metadata@0.2.2_rxjs@7.8.2__@nestjs+platfo_wkrh6e2zbcpyyt7sopftwucese/node_modules/@nestjs/core": {
      "version": "11.1.18",
      "hasInstallScript": true,
      "license": "MIT",
      "dependencies": {
        "@nuxt/opencollective": "0.4.1",
        "fast-safe-stringify": "2.1.1",
        "iterare": "1.2.1",
        "path-to-regexp": "8.4.2",
        "tslib": "2.8.1",
        "uid": "2.0.2"
      },
      "devDependencies": {
        "@nestjs/common": "11.1.18"
      },
      "engines": {
        "node": ">= 20"
      },
      "funding": {
        "type": "opencollective",
        "url": "https://opencollective.com/nest"
      },
      "peerDependencies": {
        "@nestjs/common": "^11.0.0",
        "@nestjs/microservices": "^11.0.0",
        "@nestjs/platform-express": "^11.0.0",
        "@nestjs/websockets": "^11.0.0",
        "reflect-metadata": "^0.1.12 || ^0.2.0",
        "rxjs": "^7.1.0"
      },
      "peerDependenciesMeta": {
        "@nestjs/microservices": {
          "optional": true
        },
        "@nestjs/platform-express": {
          "optional": true
        },
        "@nestjs/websockets": {
          "optional": true
        }
      }
    },
    "../../node_modules/.pnpm/@nestjs+platform-express@11.1.18_@nestjs+common@11.1.18_reflect-metadata@0.2.2_rxjs@7.8.2__@nestjs+core@11.1.18/node_modules/@nestjs/platform-express": {
      "version": "11.1.18",
      "license": "MIT",
      "dependencies": {
        "cors": "2.8.6",
        "express": "5.2.1",
        "multer": "2.1.1",
        "path-to-regexp": "8.4.2",
        "tslib": "2.8.1"
      },
      "devDependencies": {
        "@nestjs/common": "11.1.18",
        "@nestjs/core": "11.1.18"
      },
      "funding": {
        "type": "opencollective",
        "url": "https://opencollective.com/nest"
      },
      "peerDependencies": {
        "@nestjs/common": "^11.0.0",
        "@nestjs/core": "^11.0.0"
      }
    },
    "../../node_modules/.pnpm/@nestjs+schematics@11.0.10_chokidar@4.0.3_typescript@6.0.2/node_modules/@nestjs/schematics": {
      "version": "11.0.10",
      "dev": true,
      "license": "MIT",
      "dependencies": {
        "@angular-devkit/core": "19.2.23",
        "@angular-devkit/schematics": "19.2.23",
        "comment-json": "4.6.2",
        "jsonc-parser": "3.3.1",
        "pluralize": "8.0.0"
      },
      "devDependencies": {
        "@commitlint/cli": "20.5.0",
        "@commitlint/config-angular": "20.5.0",
        "@eslint/eslintrc": "3.3.5",
        "@eslint/js": "9.39.4",
        "@types/jest": "30.0.0",
        "@types/node": "24.12.0",
        "@typescript-eslint/eslint-plugin": "8.58.0",
        "@typescript-eslint/parser": "8.58.0",
        "cpx2": "8.0.0",
        "eslint": "9.39.4",
        "eslint-config-prettier": "10.1.8",
        "eslint-plugin-import": "2.32.0",
        "eslint-plugin-prettier": "^5.2.1",
        "globals": "17.4.0",
        "gulp": "5.0.1",
        "gulp-clean": "0.4.0",
        "husky": "9.1.7",
        "jest": "30.3.0",
        "nyc": "18.0.0",
        "prettier": "3.8.1",
        "release-it": "19.2.4",
        "ts-jest": "29.4.6",
        "ts-node": "10.9.2",
        "typescript": "5.9.3",
        "typescript-eslint": "^8.15.0"
      },
      "peerDependencies": {
        "typescript": ">=4.8.2"
      }
    },
    "../../node_modules/.pnpm/@nestjs+testing@11.1.18_@nestjs+common@11.1.18_reflect-metadata@0.2.2_rxjs@7.8.2__@nestjs+cor_myhglgn2suojeyc2z4dp5mna4y/node_modules/@nestjs/testing": {
      "version": "11.1.18",
      "dev": true,
      "license": "MIT",
      "dependencies": {
        "tslib": "2.8.1"
      },
      "funding": {
        "type": "opencollective",
        "url": "https://opencollective.com/nest"
      },
      "peerDependencies": {
        "@nestjs/common": "^11.0.0",
        "@nestjs/core": "^11.0.0",
        "@nestjs/microservices": "^11.0.0",
        "@nestjs/platform-express": "^11.0.0"
      },
      "peerDependenciesMeta": {
        "@nestjs/microservices": {
          "optional": true
        },
        "@nestjs/platform-express": {
          "optional": true
        }
      }
    },
    "../../node_modules/.pnpm/@swc+core@1.15.24/node_modules/@swc/core": {
      "version": "1.15.24",
      "dev": true,
      "hasInstallScript": true,
      "license": "Apache-2.0",
      "dependencies": {
        "@swc/counter": "^0.1.3",
        "@swc/types": "^0.1.26"
      },
      "devDependencies": {
        "@napi-rs/cli": "^3.2.0",
        "@rstest/core": "^0.7.8",
        "cross-env": "^7.0.3",
        "typescript": "^5.3.3"
      },
      "engines": {
        "node": ">=10"
      },
      "funding": {
        "type": "opencollective",
        "url": "https://opencollective.com/swc"
      },
      "optionalDependencies": {
        "@swc/core-darwin-arm64": "1.15.24",
        "@swc/core-darwin-x64": "1.15.24",
        "@swc/core-linux-arm-gnueabihf": "1.15.24",
        "@swc/core-linux-arm64-gnu": "1.15.24",
        "@swc/core-linux-arm64-musl": "1.15.24",
        "@swc/core-linux-ppc64-gnu": "1.15.24",
        "@swc/core-linux-s390x-gnu": "1.15.24",
        "@swc/core-linux-x64-gnu": "1.15.24",
        "@swc/core-linux-x64-musl": "1.15.24",
        "@swc/core-win32-arm64-msvc": "1.15.24",
        "@swc/core-win32-ia32-msvc": "1.15.24",
        "@swc/core-win32-x64-msvc": "1.15.24"
      },
      "peerDependencies": {
        "@swc/helpers": ">=0.5.17"
      },
      "peerDependenciesMeta": {
        "@swc/helpers": {
          "optional": true
        }
      }
    },
    "../../node_modules/.pnpm/@types+express@5.0.6/node_modules/@types/express": {
      "version": "5.0.6",
      "dev": true,
      "license": "MIT",
      "dependencies": {
        "@types/body-parser": "*",
        "@types/express-serve-static-core": "^5.0.0",
        "@types/serve-static": "^2"
      }
    },
    "../../node_modules/.pnpm/reflect-metadata@0.2.2/node_modules/reflect-metadata": {
      "version": "0.2.2",
      "license": "Apache-2.0",
      "devDependencies": {
        "@types/chai": "^3.4.34",
        "@types/mocha": "^2.2.34",
        "@types/node": "^10.17.60",
        "chai": "^3.5.0",
        "del": "^2.2.2",
        "ecmarkup": "^3.9.3",
        "gulp": "^3.9.1",
        "gulp-emu": "^1.1.0",
        "gulp-live-server": "0.0.30",
        "gulp-mocha": "^3.0.1",
        "gulp-rename": "^1.2.2",
        "gulp-sequence": "^0.4.6",
        "gulp-tsb": "^2.0.3",
        "mocha": "^3.2.0",
        "typescript": "^2.1.4"
      }
    },
    "../../node_modules/.pnpm/rxjs@7.8.2/node_modules/rxjs": {
      "version": "7.8.2",
      "license": "Apache-2.0",
      "dependencies": {
        "tslib": "^2.1.0"
      },
      "devDependencies": {
        "@angular-devkit/build-optimizer": "0.4.6",
        "@angular-devkit/schematics": "^11.0.7",
        "@swc/core": "^1.2.128",
        "@swc/helpers": "^0.3.2",
        "@types/chai": "^4.2.11",
        "@types/lodash": "4.14.102",
        "@types/mocha": "^7.0.2",
        "@types/node": "^14.14.6",
        "@types/shelljs": "^0.8.8",
        "@types/sinon": "4.1.3",
        "@types/sinon-chai": "2.7.29",
        "@types/source-map": "^0.5.2",
        "@typescript-eslint/eslint-plugin": "^4.29.1",
        "@typescript-eslint/parser": "^4.29.1",
        "babel-polyfill": "6.26.0",
        "chai": "^4.2.0",
        "check-side-effects": "0.0.23",
        "color": "3.0.0",
        "colors": "1.1.2",
        "cross-env": "5.1.3",
        "cz-conventional-changelog": "1.2.0",
        "dependency-cruiser": "^9.12.0",
        "escape-string-regexp": "1.0.5",
        "eslint": "^7.8.1",
        "eslint-plugin-jasmine": "^2.10.1",
        "form-data": "^3.0.0",
        "fs-extra": "^8.1.0",
        "glob": "7.1.2",
        "google-closure-compiler-js": "20170218.0.0",
        "husky": "^4.2.5",
        "klaw-sync": "3.0.2",
        "lint-staged": "^10.2.11",
        "lodash": "^4.17.15",
        "minimist": "^1.2.5",
        "mocha": "^8.1.3",
        "nodemon": "^1.9.2",
        "npm-run-all": "4.1.2",
        "opn-cli": "3.1.0",
        "platform": "1.3.5",
        "prettier": "^2.5.1",
        "promise": "8.0.1",
        "rollup": "0.66.6",
        "rollup-plugin-alias": "1.4.0",
        "rollup-plugin-inject": "2.0.0",
        "rollup-plugin-node-resolve": "2.0.0",
        "shelljs": "^0.8.4",
        "shx": "^0.3.2",
        "sinon": "4.3.0",
        "sinon-chai": "2.14.0",
        "source-map-support": "0.5.3",
        "systemjs": "^0.21.0",
        "ts-node": "^9.1.1",
        "tslint": "^5.20.1",
        "tslint-config-prettier": "^1.18.0",
        "tslint-etc": "1.13.10",
        "tslint-no-toplevel-property-access": "0.0.2",
        "tslint-no-unused-expression-chai": "0.0.3",
        "typescript": "~4.2.0",
        "validate-commit-msg": "2.14.0",
        "web-streams-polyfill": "^3.0.2",
        "webpack": "^4.31.0"
      }
    },
    "../../node_modules/.pnpm/typescript@6.0.2/node_modules/typescript": {
      "version": "6.0.2",
      "dev": true,
      "license": "Apache-2.0",
      "bin": {
        "tsc": "bin/tsc",
        "tsserver": "bin/tsserver"
      },
      "devDependencies": {
        "@dprint/formatter": "^0.4.1",
        "@dprint/typescript": "0.93.4",
        "@esfx/canceltoken": "^1.0.0",
        "@eslint/js": "^10.0.1",
        "@octokit/rest": "^22.0.1",
        "@types/chai": "^4.3.20",
        "@types/minimist": "^1.2.5",
        "@types/mocha": "^10.0.10",
        "@types/ms": "^2.1.0",
        "@types/node": "latest",
        "@types/source-map-support": "^0.5.10",
        "@types/which": "^3.0.4",
        "@typescript-eslint/rule-tester": "^8.56.1",
        "@typescript-eslint/type-utils": "^8.56.1",
        "@typescript-eslint/utils": "^8.56.1",
        "azure-devops-node-api": "^15.1.3",
        "c8": "^10.1.3",
        "chai": "^4.5.0",
        "chokidar": "^4.0.3",
        "diff": "^8.0.3",
        "dprint": "^0.49.1",
        "esbuild": "^0.27.3",
        "eslint": "^10.0.2",
        "eslint-plugin-regexp": "^3.0.0",
        "fast-xml-parser": "^5.4.1",
        "glob": "^10.5.0",
        "globals": "^17.4.0",
        "hereby": "^1.12.0",
        "jsonc-parser": "^3.3.1",
        "knip": "^5.85.0",
        "minimist": "^1.2.8",
        "mocha": "^10.8.2",
        "mocha-fivemat-progress-reporter": "^0.1.0",
        "monocart-coverage-reports": "^2.12.9",
        "ms": "^2.1.3",
        "picocolors": "^1.1.1",
        "playwright": "^1.58.2",
        "source-map-support": "^0.5.21",
        "tslib": "^2.8.1",
        "typescript": "^5.9.3",
        "typescript-eslint": "^8.56.1",
        "which": "^3.0.1"
      },
      "engines": {
        "node": ">=14.17"
      }
    },
    "../../node_modules/.pnpm/unplugin-swc@1.5.9_@swc+core@1.15.24_rollup@4.60.1/node_modules/unplugin-swc": {
      "version": "1.5.9",
      "dev": true,
      "license": "MIT",
      "dependencies": {
        "@rollup/pluginutils": "^5.3.0",
        "load-tsconfig": "^0.2.5",
        "unplugin": "^2.3.11"
      },
      "devDependencies": {
        "@antfu/eslint-config": "^6.2.0",
        "@swc/core": "^1.15.3",
        "@types/node": "^24.10.1",
        "defu": "^6.1.4",
        "esbuild": "0.27.0",
        "eslint": "^9.39.1",
        "path-exists": "^5.0.0",
        "prettier": "3.6.2",
        "rollup": "^4.53.3",
        "tsup": "8.5.1",
        "typescript": "5.9.3",
        "vite": "^7.2.4",
        "vitest": "^4.0.13"
      },
      "peerDependencies": {
        "@swc/core": "^1.2.108"
      }
    },
    "../../node_modules/.pnpm/vitest@4.1.4_@types+node@25.5.2_happy-dom@20.8.9_vite@8.0.8_@types+node@25.5.2_terser@5.46.1_/node_modules/vitest": {
      "version": "4.1.4",
      "dev": true,
      "license": "MIT",
      "dependencies": {
        "@vitest/expect": "4.1.4",
        "@vitest/mocker": "4.1.4",
        "@vitest/pretty-format": "4.1.4",
        "@vitest/runner": "4.1.4",
        "@vitest/snapshot": "4.1.4",
        "@vitest/spy": "4.1.4",
        "@vitest/utils": "4.1.4",
        "es-module-lexer": "^2.0.0",
        "expect-type": "^1.3.0",
        "magic-string": "^0.30.21",
        "obug": "^2.1.1",
        "pathe": "^2.0.3",
        "picomatch": "^4.0.3",
        "std-env": "^4.0.0-rc.1",
        "tinybench": "^2.9.0",
        "tinyexec": "^1.0.2",
        "tinyglobby": "^0.2.15",
        "tinyrainbow": "^3.1.0",
        "vite": "^6.0.0 || ^7.0.0 || ^8.0.0",
        "why-is-node-running": "^2.3.0"
      },
      "bin": {
        "vitest": "vitest.mjs"
      },
      "devDependencies": {
        "@antfu/install-pkg": "^1.1.0",
        "@bomb.sh/tab": "^0.0.14",
        "@edge-runtime/vm": "^5.0.0",
        "@jridgewell/trace-mapping": "0.3.31",
        "@opentelemetry/api": "^1.9.0",
        "@sinonjs/fake-timers": "15.0.0",
        "@types/estree": "^1.0.8",
        "@types/istanbul-lib-coverage": "^2.0.6",
        "@types/istanbul-reports": "^3.0.4",
        "@types/jsdom": "^27.0.0",
        "@types/node": "^24.12.0",
        "@types/picomatch": "^4.0.2",
        "@types/prompts": "^2.4.9",
        "@types/sinonjs__fake-timers": "^15.0.1",
        "acorn": "8.11.3",
        "acorn-walk": "^8.3.5",
        "birpc": "^4.0.0",
        "cac": "^6.7.14",
        "empathic": "^2.0.0",
        "flatted": "^3.4.2",
        "happy-dom": "^20.8.3",
        "jsdom": "^27.4.0",
        "local-pkg": "^1.1.2",
        "mime": "^4.1.0",
        "prompts": "^2.4.2",
        "strip-literal": "^3.1.0",
        "tinyhighlight": "^0.3.2",
        "ws": "^8.19.0"
      },
      "engines": {
        "node": "^20.0.0 || ^22.0.0 || >=24.0.0"
      },
      "funding": {
        "url": "https://opencollective.com/vitest"
      },
      "peerDependencies": {
        "@edge-runtime/vm": "*",
        "@opentelemetry/api": "^1.9.0",
        "@types/node": "^20.0.0 || ^22.0.0 || >=24.0.0",
        "@vitest/browser-playwright": "4.1.4",
        "@vitest/browser-preview": "4.1.4",
        "@vitest/browser-webdriverio": "4.1.4",
        "@vitest/coverage-istanbul": "4.1.4",
        "@vitest/coverage-v8": "4.1.4",
        "@vitest/ui": "4.1.4",
        "happy-dom": "*",
        "jsdom": "*",
        "vite": "^6.0.0 || ^7.0.0 || ^8.0.0"
      },
      "peerDependenciesMeta": {
        "@edge-runtime/vm": {
          "optional": true
        },
        "@opentelemetry/api": {
          "optional": true
        },
        "@types/node": {
          "optional": true
        },
        "@vitest/browser-playwright": {
          "optional": true
        },
        "@vitest/browser-preview": {
          "optional": true
        },
        "@vitest/browser-webdriverio": {
          "optional": true
        },
        "@vitest/coverage-istanbul": {
          "optional": true
        },
        "@vitest/coverage-v8": {
          "optional": true
        },
        "@vitest/ui": {
          "optional": true
        },
        "happy-dom": {
          "optional": true
        },
        "jsdom": {
          "optional": true
        },
        "vite": {
          "optional": false
        }
      }
    },
    "node_modules/@nestjs/cli": {
      "resolved": "../../node_modules/.pnpm/@nestjs+cli@11.0.19_@swc+core@1.15.24_@types+node@25.5.2/node_modules/@nestjs/cli",
      "link": true
    },
    "node_modules/@nestjs/common": {
      "resolved": "../../node_modules/.pnpm/@nestjs+common@11.1.18_reflect-metadata@0.2.2_rxjs@7.8.2/node_modules/@nestjs/common",
      "link": true
    },
    "node_modules/@nestjs/core": {
      "resolved": "../../node_modules/.pnpm/@nestjs+core@11.1.18_@nestjs+common@11.1.18_reflect-metadata@0.2.2_rxjs@7.8.2__@nestjs+platfo_wkrh6e2zbcpyyt7sopftwucese/node_modules/@nestjs/core",
      "link": true
    },
    "node_modules/@nestjs/platform-express": {
      "resolved": "../../node_modules/.pnpm/@nestjs+platform-express@11.1.18_@nestjs+common@11.1.18_reflect-metadata@0.2.2_rxjs@7.8.2__@nestjs+core@11.1.18/node_modules/@nestjs/platform-express",
      "link": true
    },
    "node_modules/@nestjs/schematics": {
      "resolved": "../../node_modules/.pnpm/@nestjs+schematics@11.0.10_chokidar@4.0.3_typescript@6.0.2/node_modules/@nestjs/schematics",
      "link": true
    },
    "node_modules/@nestjs/testing": {
      "resolved": "../../node_modules/.pnpm/@nestjs+testing@11.1.18_@nestjs+common@11.1.18_reflect-metadata@0.2.2_rxjs@7.8.2__@nestjs+cor_myhglgn2suojeyc2z4dp5mna4y/node_modules/@nestjs/testing",
      "link": true
    },
    "node_modules/@swc/core": {
      "resolved": "../../node_modules/.pnpm/@swc+core@1.15.24/node_modules/@swc/core",
      "link": true
    },
    "node_modules/@types/express": {
      "resolved": "../../node_modules/.pnpm/@types+express@5.0.6/node_modules/@types/express",
      "link": true
    },
    "node_modules/@types/node": {
      "version": "25.9.2",
      "resolved": "https://registry.npmjs.org/@types/node/-/node-25.9.2.tgz",
      "integrity": "sha512-G05zqtJhcDLb8uslf5EjCxXg9G1KQxiV8OS0R26IC//Eoyitzqe8z37I7cqvnZlrlSfgocQRfSn/AHBZJJFyGw==",
      "dev": true,
      "license": "MIT",
      "dependencies": {
        "undici-types": ">=7.24.0 <7.24.7"
      }
    },
    "node_modules/reflect-metadata": {
      "resolved": "../../node_modules/.pnpm/reflect-metadata@0.2.2/node_modules/reflect-metadata",
      "link": true
    },
    "node_modules/rxjs": {
      "resolved": "../../node_modules/.pnpm/rxjs@7.8.2/node_modules/rxjs",
      "link": true
    },
    "node_modules/typescript": {
      "resolved": "../../node_modules/.pnpm/typescript@6.0.2/node_modules/typescript",
      "link": true
    },
    "node_modules/undici-types": {
      "version": "7.24.6",
      "resolved": "https://registry.npmjs.org/undici-types/-/undici-types-7.24.6.tgz",
      "integrity": "sha512-WRNW+sJgj5OBN4/0JpHFqtqzhpbnV0GuB+OozA9gCL7a993SmU+1JBZCzLNxYsbMfIeDL+lTsphD5jN5N+n0zg==",
      "dev": true,
      "license": "MIT"
    },
    "node_modules/unplugin-swc": {
      "resolved": "../../node_modules/.pnpm/unplugin-swc@1.5.9_@swc+core@1.15.24_rollup@4.60.1/node_modules/unplugin-swc",
      "link": true
    },
    "node_modules/vitest": {
      "resolved": "../../node_modules/.pnpm/vitest@4.1.4_@types+node@25.5.2_happy-dom@20.8.9_vite@8.0.8_@types+node@25.5.2_terser@5.46.1_/node_modules/vitest",
      "link": true
    }
  }
}
